
Microsoft Visual Studio Solution File, Format Version 12.00
# Visual Studio 15
VisualStudioVersion = 15.0.27428.2037
MinimumVisualStudioVersion = 10.0.40219.1
Project("{9A19103F-16F7-4668-BE54-9A1E7A4F7556}") = "Clothes.Api", "clothes.api\Clothes.Api.csproj", "{A1E22527-A138-48E9-9F4B-84016BDCA389}"
EndProject
Project("{9A19103F-16F7-4668-BE54-9A1E7A4F7556}") = "Clothes.Business", "Business\Clothes.Business.csproj", "{B5EDE654-4A44-4A07-B470-40919A3D3FA2}"
EndProject
Project("{9A19103F-16F7-4668-BE54-9A1E7A4F7556}") = "Clothes.Core", "core\Clothes.Core.csproj", "{74EE4B49-BE23-468E-8B83-A46C18E9EDD0}"
EndProject
Global
	GlobalSection(SolutionConfigurationPlatforms) = preSolution
		Debug|Any CPU = Debug|Any CPU
		Release|Any CPU = Release|Any CPU
	EndGlobalSection
	GlobalSection(ProjectConfigurationPlatforms) = postSolution
		{A1E22527-A138-48E9-9F4B-84016BDCA389}.Debug|Any CPU.ActiveCfg = Debug|Any CPU
		{A1E22527-A138-48E9-9F4B-84016BDCA389}.Debug|Any CPU.Build.0 = Debug|Any CPU
		{A1E22527-A138-48E9-9F4B-84016BDCA389}.Release|Any CPU.ActiveCfg = Release|Any CPU
		{A1E22527-A138-48E9-9F4B-84016BDCA389}.Release|Any CPU.Build.0 = Release|Any CPU
		{B5EDE654-4A44-4A07-B470-40919A3D3FA2}.Debug|Any CPU.ActiveCfg = Debug|Any CPU
		{B5EDE654-4A44-4A07-B470-40919A3D3FA2}.Debug|Any CPU.Build.0 = Debug|Any CPU
		{B5EDE654-4A44-4A07-B470-40919A3D3FA2}.Release|Any CPU.ActiveCfg = Release|Any CPU
		{B5EDE654-4A44-4A07-B470-40919A3D3FA2}.Release|Any CPU.Build.0 = Release|Any CPU
		{74EE4B49-BE23-468E-8B83-A46C18E9EDD0}.Debug|Any CPU.ActiveCfg = Debug|Any CPU
		{74EE4B49-BE23-468E-8B83-A46C18E9EDD0}.Debug|Any CPU.Build.0 = Debug|Any CPU
		{74EE4B49-BE23-468E-8B83-A46C18E9EDD0}.Release|Any CPU.ActiveCfg = Release|Any CPU
		{74EE4B49-BE23-468E-8B83-A46C18E9EDD0}.Release|Any CPU.Build.0 = Release|Any CPU
	EndGlobalSection
	GlobalSection(SolutionProperties) = preSolution
		HideSolutionNode = FALSE
	EndGlobalSection
	GlobalSection(ExtensibilityGlobals) = postSolution
		SolutionGuid = {642E4BB8-7F02-493B-B42B-ED859CD6F1A1}
	EndGlobalSection
EndGlobal
